// !$*UTF8*$!
{
	archiveVersion = 1;
	classes = {
	};
	objectVersion = 46;
	objects = {

/* Begin PBXBuildFile section */
		62DDA44B1D9E8D87004F31FD /* AppDelegate.swift in Sources */ = {isa = PBXBuildFile; fileRef = 62DDA44A1D9E8D87004F31FD /* AppDelegate.swift */; };
		62DDA44E1D9E8D87004F31FD /* PickerData.xcdatamodeld in Sources */ = {isa = PBXBuildFile; fileRef = 62DDA44C1D9E8D87004F31FD /* PickerData.xcdatamodeld */; };
		62DDA4501D9E8D87004F31FD /* ViewController.swift in Sources */ = {isa = PBXBuildFile; fileRef = 62DDA44F1D9E8D87004F31FD /* ViewController.swift */; };
		62DDA4531D9E8D87004F31FD /* Main.storyboard in Resources */ = {isa = PBXBuildFile; fileRef = 62DDA4511D9E8D87004F31FD /* Main.storyboard */; };
		62DDA4551D9E8D87004F31FD /* Images.xcassets in Resources */ = {isa = PBXBuildFile; fileRef = 62DDA4541D9E8D87004F31FD /* Images.xcassets */; };
		62DDA4581D9E8D87004F31FD /* LaunchScreen.xib in Resources */ = {isa = PBXBuildFile; fileRef = 62DDA4561D9E8D87004F31FD /* LaunchScreen.xib */; };
		62DDA4641D9E8D87004F31FD /* PickerDataTests.swift in Sources */ = {isa = PBXBuildFile; fileRef = 62DDA4631D9E8D87004F31FD /* PickerDataTests.swift */; };
/* End PBXBuildFile section */

/* Begin PBXContainerItemProxy section */
		62DDA45E1D9E8D87004F31FD /* PBXContainerItemProxy */ = {
			isa = PBXContainerItemProxy;
			containerPortal = 62DDA43D1D9E8D87004F31FD /* Project object */;
			proxyType = 1;
			remoteGlobalIDString = 62DDA4441D9E8D87004F31FD;
			remoteInfo = PickerData;
		};
/* End PBXContainerItemProxy section */

/* Begin PBXFileReference section */
		62DDA4451D9E8D87004F31FD /* PickerData.app */ = {isa = PBXFileReference; explicitFileType = wrapper.application; includeInIndex = 0; path = PickerData.app; sourceTree = BUILT_PRODUCTS_DIR; };
		62DDA4491D9E8D87004F31FD /* Info.plist */ = {isa = PBXFileReference; lastKnownFileType = text.plist.xml; path = Info.plist; sourceTree = "<group>"; };
		62DDA44A1D9E8D87004F31FD /* AppDelegate.swift */ = {isa = PBXFileReference; lastKnownFileType = sourcecode.swift; path = AppDelegate.swift; sourceTree = "<group>"; };
		62DDA44D1D9E8D87004F31FD /* PickerData.xcdatamodel */ = {isa = PBXFileReference; lastKnownFileType = wrapper.xcdatamodel; path = PickerData.xcdatamodel; sourceTree = "<group>"; };
		62DDA44F1D9E8D87004F31FD /* ViewController.swift */ = {isa = PBXFileReference; lastKnownFileType = sourcecode.swift; path = ViewController.swift; sourceTree = "<group>"; };
		62DDA4521D9E8D87004F31FD /* Base */ = {isa = PBXFileReference; lastKnownFileType = file.storyboard; name = Base; path = Base.lproj/Main.storyboard; sourceTree = "<group>"; };
		62DDA4541D9E8D87004F31FD /* Images.xcassets */ = {isa = PBXFileReference; lastKnownFileType = folder.assetcatalog; path = Images.xcassets; sourceTree = "<group>"; };
		62DDA4571D9E8D87004F31FD /* Base */ = {isa = PBXFileReference; lastKnownFileType = file.xib; name = Base; path = Base.lproj/LaunchScreen.xib; sourceTree = "<group>"; };
		62DDA45D1D9E8D87004F31FD /* PickerDataTests.xctest */ = {isa = PBXFileReference; explicitFileType = wrapper.cfbundle; includeInIndex = 0; path = PickerDataTests.xctest; sourceTree = BUILT_PRODUCTS_DIR; };
		62DDA4621D9E8D87004F31FD /* Info.plist */ = {isa = PBXFileReference; lastKnownFileType = text.plist.xml; path = Info.plist; sourceTree = "<group>"; };
		62DDA4631D9E8D87004F31FD /* PickerDataTests.swift */ = {isa = PBXFileReference; lastKnownFileType = sourcecode.swift; path = PickerDataTests.swift; sourceTree = "<group>"; };
/* End PBXFileReference section */

/* Begin PBXFrameworksBuildPhase section */
		62DDA4421D9E8D87004F31FD /* Frameworks */ = {
			isa = PBXFrameworksBuildPhase;
			buildActionMask = 2147483647;
			files = (
			);
			runOnlyForDeploymentPostprocessing = 0;
		};
		62DDA45A1D9E8D87004F31FD /* Frameworks */ = {
			isa = PBXFrameworksBuildPhase;
			buildActionMask = 2147483647;
			files = (
			);
			runOnlyForDeploymentPostprocessing = 0;
		};
/* End PBXFrameworksBuildPhase section */

/* Begin PBXGroup section */
		62DDA43C1D9E8D87004F31FD = {
			isa = PBXGroup;
			children = (
				62DDA4471D9E8D87004F31FD /* PickerData */,
				62DDA4601D9E8D87004F31FD /* PickerDataTests */,
				62DDA4461D9E8D87004F31FD /* Products */,
			);
			sourceTree = "<group>";
		};
		62DDA4461D9E8D87004F31FD /* Products */ = {
			isa = PBXGroup;
			children = (
				62DDA4451D9E8D87004F31FD /* PickerData.app */,
				62DDA45D1D9E8D87004F31FD /* PickerDataTests.xctest */,
			);
			name = Products;
			sourceTree = "<group>";
		};
		62DDA4471D9E8D87004F31FD /* PickerData */ = {
			isa = PBXGroup;
			children = (
				62DDA44A1D9E8D87004F31FD /* AppDelegate.swift */,
				62DDA44F1D9E8D87004F31FD /* ViewController.swift */,
				62DDA4511D9E8D87004F31FD /* Main.storyboard */,
				62DDA4541D9E8D87004F31FD /* Images.xcassets */,
				62DDA4561D9E8D87004F31FD /* LaunchScreen.xib */,
				62DDA44C1D9E8D87004F31FD /* PickerData.xcdatamodeld */,
				62DDA4481D9E8D87004F31FD /* Supporting Files */,
			);
			path = PickerData;
			sourceTree = "<group>";
		};
		62DDA4481D9E8D87004F31FD /* Supporting Files */ = {
			isa = PBXGroup;
			children = (
				62DDA4491D9E8D87004F31FD /* Info.plist */,
			);
			name = "Supporting Files";
			sourceTree = "<group>";
		};
		62DDA4601D9E8D87004F31FD /* PickerDataTests */ = {
			isa = PBXGroup;
			children = (
				62DDA4631D9E8D87004F31FD /* PickerDataTests.swift */,
				62DDA4611D9E8D87004F31FD /* Supporting Files */,
			);
			path = PickerDataTests;
			sourceTree = "<group>";
		};
		62DDA4611D9E8D87004F31FD /* Supporting Files */ = {
			isa = PBXGroup;
			children = (
				62DDA4621D9E8D87004F31FD /* Info.plist */,
			);
			name = "Supporting Files";
			sourceTree = "<group>";
		};
/* End PBXGroup section */

/* Begin PBXNativeTarget section */
		62DDA4441D9E8D87004F31FD /* PickerData */ = {
			isa = PBXNativeTarget;
			buildConfigurationList = 62DDA4671D9E8D87004F31FD /* Build configuration list for PBXNativeTarget "PickerData" */;
			buildPhases = (
				62DDA4411D9E8D87004F31FD /* Sources */,
				62DDA4421D9E8D87004F31FD /* Frameworks */,
				62DDA4431D9E8D87004F31FD /* Resources */,
			);
			buildRules = (
			);
			dependencies = (
			);
			name = PickerData;
			productName = PickerData;
			productReference = 62DDA4451D9E8D87004F31FD /* PickerData.app */;
			productType = "com.apple.product-type.application";
		};
		62DDA45C1D9E8D87004F31FD /* PickerDataTests */ = {
			isa = PBXNativeTarget;
			buildConfigurationList = 62DDA46A1D9E8D87004F31FD /* Build configuration list for PBXNativeTarget "PickerDataTests" */;
			buildPhases = (
				62DDA4591D9E8D87004F31FD /* Sources */,
				62DDA45A1D9E8D87004F31FD /* Frameworks */,
				62DDA45B1D9E8D87004F31FD /* Resources */,
			);
			buildRules = (
			);
			dependencies = (
				62DDA45F1D9E8D87004F31FD /* PBXTargetDependency */,
			);
			name = PickerDataTests;
			productName = PickerDataTests;
			productReference = 62DDA45D1D9E8D87004F31FD /* PickerDataTests.xctest */;
			productType = "com.apple.product-type.bundle.unit-test";
		};
/* End PBXNativeTarget section */

/* Begin PBXProject section */
		62DDA43D1D9E8D87004F31FD /* Project object */ = {
			isa = PBXProject;
			attributes = {
				LastUpgradeCheck = 0630;
				ORGANIZATIONNAME = "Isaac Mac";
				TargetAttributes = {
					62DDA4441D9E8D87004F31FD = {
						CreatedOnToolsVersion = 6.3.2;
					};
					62DDA45C1D9E8D87004F31FD = {
						CreatedOnToolsVersion = 6.3.2;
						TestTargetID = 62DDA4441D9E8D87004F31FD;
					};
				};
			};
			buildConfigurationList = 62DDA4401D9E8D87004F31FD /* Build configuration list for PBXProject "PickerData" */;
			compatibilityVersion = "Xcode 3.2";
			developmentRegion = English;
			hasScannedForEncodings = 0;
			knownRegions = (
				en,
				Base,
			);
			mainGroup = 62DDA43C1D9E8D87004F31FD;
			productRefGroup = 62DDA4461D9E8D87004F31FD /* Products */;
			projectDirPath = "";
			projectRoot = "";
			targets = (
				62DDA4441D9E8D87004F31FD /* PickerData */,
				62DDA45C1D9E8D87004F31FD /* PickerDataTests */,
			);
		};
/* End PBXProject section */

/* Begin PBXResourcesBuildPhase section */
		62DDA4431D9E8D87004F31FD /* Resources */ = {
			isa = PBXResourcesBuildPhase;
			buildActionMask = 2147483647;
			files = (
				62DDA4531D9E8D87004F31FD /* Main.storyboard in Resources */,
				62DDA4581D9E8D87004F31FD /* LaunchScreen.xib in Resources */,
				62DDA4551D9E8D87004F31FD /* Images.xcassets in Resources */,
			);
			runOnlyForDeploymentPostprocessing = 0;
		};
		62DDA45B1D9E8D87004F31FD /* Resources */ = {
			isa = PBXResourcesBuildPhase;
			buildActionMask = 2147483647;
			files = (
			);
			runOnlyForDeploymentPostprocessing = 0;
		};
/* End PBXResourcesBuildPhase section */

/* Begin PBXSourcesBuildPhase section */
		62DDA4411D9E8D87004F31FD /* Sources */ = {
			isa = PBXSourcesBuildPhase;
			buildActionMask = 2147483647;
			files = (
				62DDA4501D9E8D87004F31FD /* ViewController.swift in Sources */,
				62DDA44B1D9E8D87004F31FD /* AppDelegate.swift in Sources */,
				62DDA44E1D9E8D87004F31FD /* PickerData.xcdatamodeld in Sources */,
			);
			runOnlyForDeploymentPostprocessing = 0;
		};
		62DDA4591D9E8D87004F31FD /* Sources */ = {
			isa = PBXSourcesBuildPhase;
			buildActionMask = 2147483647;
			files = (
				62DDA4641D9E8D87004F31FD /* PickerDataTests.swift in Sources */,
			);
			runOnlyForDeploymentPostprocessing = 0;
		};
/* End PBXSourcesBuildPhase section */

/* Begin PBXTargetDependency section */
		62DDA45F1D9E8D87004F31FD /* PBXTargetDependency */ = {
			isa = PBXTargetDependency;
			target = 62DDA4441D9E8D87004F31FD /* PickerData */;
			targetProxy = 62DDA45E1D9E8D87004F31FD /* PBXContainerItemProxy */;
		};
/* End PBXTargetDependency section */

/* Begin PBXVariantGroup section */
		62DDA4511D9E8D87004F31FD /* Main.storyboard */ = {
			isa = PBXVariantGroup;
			children = (
				62DDA4521D9E8D87004F31FD /* Base */,
			);
			name = Main.storyboard;
			sourceTree = "<group>";
		};
		62DDA4561D9E8D87004F31FD /* LaunchScreen.xib */ = {
			isa = PBXVariantGroup;
			children = (
				62DDA4571D9E8D87004F31FD /* Base */,
			);
			name = LaunchScreen.xib;
			sourceTree = "<group>";
		};
/* End PBXVariantGroup section */

/* Begin XCBuildConfiguration section */
		62DDA4651D9E8D87004F31FD /* Debug */ = {
			isa = XCBuildConfiguration;
			buildSettings = {
				ALWAYS_SEARCH_USER_PATHS = NO;
				CLANG_CXX_LANGUAGE_STANDARD = "gnu++0x";
				CLANG_CXX_LIBRARY = "libc++";
				CLANG_ENABLE_MODULES = YES;
				CLANG_ENABLE_OBJC_ARC = YES;
				CLANG_WARN_BOOL_CONVERSION = YES;
				CLANG_WARN_CONSTANT_CONVERSION = YES;
				CLANG_WARN_DIRECT_OBJC_ISA_USAGE = YES_ERROR;
				CLANG_WARN_EMPTY_BODY = YES;
				CLANG_WARN_ENUM_CONVERSION = YES;
				CLANG_WARN_INT_CONVERSION = YES;
				CLANG_WARN_OBJC_ROOT_CLASS = YES_ERROR;
				CLANG_WARN_UNREACHABLE_CODE = YES;
				CLANG_WARN__DUPLICATE_METHOD_MATCH = YES;
				"CODE_SIGN_IDENTITY[sdk=iphoneos*]" = "iPhone Developer";
				COPY_PHASE_STRIP = NO;
				DEBUG_INFORMATION_FORMAT = "dwarf-with-dsym";
				ENABLE_STRICT_OBJC_MSGSEND = YES;
				GCC_C_LANGUAGE_STANDARD = gnu99;
				GCC_DYNAMIC_NO_PIC = NO;
				GCC_NO_COMMON_BLOCKS = YES;
				GCC_OPTIMIZATION_LEVEL = 0;
				GCC_PREPROCESSOR_DEFINITIONS = (
					"DEBUG=1",
					"$(inherited)",
				);
				GCC_SYMBOLS_PRIVATE_EXTERN = NO;
				GCC_WARN_64_TO_32_BIT_CONVERSION = YES;
				GCC_WARN_ABOUT_RETURN_TYPE = YES_ERROR;
				GCC_WARN_UNDECLARED_SELECTOR = YES;
				GCC_WARN_UNINITIALIZED_AUTOS = YES_AGGRESSIVE;
				GCC_WARN_UNUSED_FUNCTION = YES;
				GCC_WARN_UNUSED_VARIABLE = YES;
				IPHONEOS_DEPLOYMENT_TARGET = 8.3;
				MTL_ENABLE_DEBUG_INFO = YES;
				ONLY_ACTIVE_ARCH = YES;
				SDKROOT = iphoneos;
				SWIFT_OPTIMIZATION_LEVEL = "-Onone";
			};
			name = Debug;
		};
		62DDA4661D9E8D87004F31FD /* Release */ = {
			isa = XCBuildConfiguration;
			buildSettings = {
				ALWAYS_SEARCH_USER_PATHS = NO;
				CLANG_CXX_LANGUAGE_STANDARD = "gnu++0x";
				CLANG_CXX_LIBRARY = "libc++";
				CLANG_ENABLE_MODULES = YES;
				CLANG_ENABLE_OBJC_ARC = YES;
				CLANG_WARN_BOOL_CONVERSION = YES;
				CLANG_WARN_CONSTANT_CONVERSION = YES;
				CLANG_WARN_DIRECT_OBJC_ISA_USAGE = YES_ERROR;
				CLANG_WARN_EMPTY_BODY = YES;
				CLANG_WARN_ENUM_CONVERSION = YES;
				CLANG_WARN_INT_CONVERSION = YES;
				CLANG_WARN_OBJC_ROOT_CLASS = YES_ERROR;
				CLANG_WARN_UNREACHABLE_CODE = YES;
				CLANG_WARN__DUPLICATE_METHOD_MATCH = YES;
				"CODE_SIGN_IDENTITY[sdk=iphoneos*]" = "iPhone Developer";
				COPY_PHASE_STRIP = NO;
				DEBUG_INFORMATION_FORMAT = "dwarf-with-dsym";
				ENABLE_NS_ASSERTIONS = NO;
				ENABLE_STRICT_OBJC_MSGSEND = YES;
				GCC_C_LANGUAGE_STANDARD = gnu99;
				GCC_NO_COMMON_BLOCKS = YES;
				GCC_WARN_64_TO_32_BIT_CONVERSION = YES;
				GCC_WARN_ABOUT_RETURN_TYPE = YES_ERROR;
				GCC_WARN_UNDECLARED_SELECTOR = YES;
				GCC_WARN_UNINITIALIZED_AUTOS = YES_AGGRESSIVE;
				GCC_WARN_UNUSED_FUNCTION = YES;
				GCC_WARN_UNUSED_VARIABLE = YES;
				IPHONEOS_DEPLOYMENT_TARGET = 8.3;
				MTL_ENABLE_DEBUG_INFO = NO;
				SDKROOT = iphoneos;
				VALIDATE_PRODUCT = YES;
			};
			name = Release;
		};
		62DDA4681D9E8D87004F31FD /* Debug */ = {
			isa = XCBuildConfiguration;
			buildSettings = {
				ASSETCATALOG_COMPILER_APPICON_NAME = AppIcon;
				INFOPLIST_FILE = PickerData/Info.plist;
				LD_RUNPATH_SEARCH_PATHS = "$(inherited) @executable_path/Frameworks";
				PRODUCT_NAME = "$(TARGET_NAME)";
			};
			name = Debug;
		};
		62DDA4691D9E8D87004F31FD /* Release */ = {
			isa = XCBuildConfiguration;
			buildSettings = {
				ASSETCATALOG_COMPILER_APPICON_NAME = AppIcon;
				INFOPLIST_FILE = PickerData/Info.plist;
				LD_RUNPATH_SEARCH_PATHS = "$(inherited) @executable_path/Frameworks";
				PRODUCT_NAME = "$(TARGET_NAME)";
			};
			name = Release;
		};
		62DDA46B1D9E8D87004F31FD /* Debug */ = {
			isa = XCBuildConfiguration;
			buildSettings = {
				BUNDLE_LOADER = "$(TEST_HOST)";
				FRAMEWORK_SEARCH_PATHS = (
					"$(SDKROOT)/Developer/Library/Frameworks",
					"$(inherited)",
				);
				GCC_PREPROCESSOR_DEFINITIONS = (
					"DEBUG=1",
					"$(inherited)",
				);
				INFOPLIST_FILE = PickerDataTests/Info.plist;
				LD_RUNPATH_SEARCH_PATHS = "$(inherited) @executable_path/Frameworks @loader_path/Frameworks";
				PRODUCT_NAME = "$(TARGET_NAME)";
				TEST_HOST = "$(BUILT_PRODUCTS_DIR)/PickerData.app/PickerData";
			};
			name = Debug;
		};
		62DDA46C1D9E8D87004F31FD /* Release */ = {
			isa = XCBuildConfiguration;
			buildSettings = {
				BUNDLE_LOADER = "$(TEST_HOST)";
				FRAMEWORK_SEARCH_PATHS = (
					"$(SDKROOT)/Developer/Library/Frameworks",
					"$(inherited)",
				);
				INFOPLIST_FILE = PickerDataTests/Info.plist;
				LD_RUNPATH_SEARCH_PATHS = "$(inherited) @executable_path/Frameworks @loader_path/Frameworks";
				PRODUCT_NAME = "$(TARGET_NAME)";
				TEST_HOST = "$(BUILT_PRODUCTS_DIR)/PickerData.app/PickerData";
			};
			name = Release;
		};
/* End XCBuildConfiguration section */

/* Begin XCConfigurationList section */
		62DDA4401D9E8D87004F31FD /* Build configuration list for PBXProject "PickerData" */ = {
			isa = XCConfigurationList;
			buildConfigurations = (
				62DDA4651D9E8D87004F31FD /* Debug */,
				62DDA4661D9E8D87004F31FD /* Release */,
			);
			defaultConfigurationIsVisible = 0;
			defaultConfigurationName = Release;
		};
		62DDA4671D9E8D87004F31FD /* Build configuration list for PBXNativeTarget "PickerData" */ = {
			isa = XCConfigurationList;
			buildConfigurations = (
				62DDA4681D9E8D87004F31FD /* Debug */,
				62DDA4691D9E8D87004F31FD /* Release */,
			);
			defaultConfigurationIsVisible = 0;
		};
		62DDA46A1D9E8D87004F31FD /* Build configuration list for PBXNativeTarget "PickerDataTests" */ = {
			isa = XCConfigurationList;
			buildConfigurations = (
				62DDA46B1D9E8D87004F31FD /* Debug */,
				62DDA46C1D9E8D87004F31FD /* Release */,
			);
			defaultConfigurationIsVisible = 0;
		};
/* End XCConfigurationList section */

/* Begin XCVersionGroup section */
		62DDA44C1D9E8D87004F31FD /* PickerData.xcdatamodeld */ = {
			isa = XCVersionGroup;
			children = (
				62DDA44D1D9E8D87004F31FD /* PickerData.xcdatamodel */,
			);
			currentVersion = 62DDA44D1D9E8D87004F31FD /* PickerData.xcdatamodel */;
			path = PickerData.xcdatamodeld;
			sourceTree = "<group>";
			versionGroupType = wrapper.xcdatamodel;
		};
/* End XCVersionGroup section */
	};
	rootObject = 62DDA43D1D9E8D87004F31FD /* Project object */;
}
